<Solution>
  <Configurations>
    <Platform Name="Any CPU" />
    <Platform Name="x64" />
  </Configurations>
  <Project Path="Routify.App.csproj">
    <Platform Solution="*|x64" Project="x64" />
    <Deploy Solution="*|x64" />
    <Deploy Solution="Debug|Any CPU" />
  </Project>
  <Project Path="Routify.Auth/Routify.Auth.csproj" Id="a0b3882c-e1ef-4a73-a485-1d82698a6e0d">
    <Platform Solution="*|x64" Project="x64" />
  </Project>
  <Project Path="Routify.Gateway/Routify.Gateway.csproj" Id="de7c36d3-ed09-4556-a10c-09354c7a34d9">
    <Platform Solution="*|x64" Project="x64" />
  </Project>
  <Project Path="Routify.Logistica/Routify.Logistica.csproj" Id="d137a7d5-830f-48e6-8e53-46464f31e2e3">
    <Platform Solution="*|x64" Project="x64" />
  </Project>
  <Project Path="Routify.Shared/Routify.Shared.csproj" Id="f3943412-ffb7-44c9-bfc8-c2c91c055929">
    <Platform Solution="*|x64" Project="x64" />
  </Project>
</Solution>
